
Microsoft Visual Studio Solution File, Format Version 12.00
# Visual Studio Version 17
VisualStudioVersion = 17.6.33723.286
MinimumVisualStudioVersion = 10.0.40219.1
Project("{9A19103F-16F7-4668-BE54-9A1E7A4F7556}") = "ADMS.API.OLD", "ADMS.API.OLD\ADMS.API.OLD.csproj", "{0443EEDB-DD50-49ED-9AB5-4906AD043945}"
EndProject
Project("{9A19103F-16F7-4668-BE54-9A1E7A4F7556}") = "ADMS.API.Entities.OLD", "ADMS.API.Entities.OLD\ADMS.API.Entities.OLD.csproj", "{1D39D583-57D6-47F8-9FF3-2905CBCA7DFA}"
EndProject
Project("{9A19103F-16F7-4668-BE54-9A1E7A4F7556}") = "ADMS.API.Models.OLD", "ADMS.API.Models.OLD\ADMS.API.Models.OLD.csproj", "{7E715C22-3AB2-438F-9725-85AC29A94EAE}"
EndProject
Project("{FAE04EC0-301F-11D3-BF4B-00C04F79EFBC}") = "ADMS.API.Common.OLD", "ADMS.API.Common.OLD\ADMS.API.Common.OLD.csproj", "{B61BE6D3-54CA-4EBA-83A4-390A87129D8D}"
EndProject
Project("{FAE04EC0-301F-11D3-BF4B-00C04F79EFBC}") = "ADMS.API.Tests.OLD", "ADMS.API.Tests.OLD\ADMS.API.Tests.OLD.csproj", "{3AA1884B-32BB-00CB-9DA9-C413B2152062}"
EndProject
Project("{2150E333-8FDC-42A3-9474-1A3956D46DE8}") = "src", "src", "{02EA681E-C7D8-13C7-8484-4AC65E1B71E8}"
EndProject
Project("{2150E333-8FDC-42A3-9474-1A3956D46DE8}") = "Core", "Core", "{100DD89E-865A-43F7-A361-CFF65F442B74}"
EndProject
Project("{FAE04EC0-301F-11D3-BF4B-00C04F79EFBC}") = "ADMS.Domain", "src\core\ADMS.Domain\ADMS.Domain.csproj", "{AF461D05-CCDF-4872-BAD2-9956342FAA67}"
EndProject
Project("{FAE04EC0-301F-11D3-BF4B-00C04F79EFBC}") = "ADMS.Application", "src\core\ADMS.Application\ADMS.Application.csproj", "{16EBFCEB-F4A0-4D2B-A826-3542285322B9}"
EndProject
Project("{2150E333-8FDC-42A3-9474-1A3956D46DE8}") = "Infrastructure", "Infrastructure", "{A3068553-660F-43C1-8FE5-AC31389261AF}"
EndProject
Project("{FAE04EC0-301F-11D3-BF4B-00C04F79EFBC}") = "ADMS.Infrastructure", "src\Infrastructure\ADMS.Infrastructure\ADMS.Infrastructure.csproj", "{3CBC34D8-DDBD-47DF-A947-1647B4EFF651}"
EndProject
Project("{2150E333-8FDC-42A3-9474-1A3956D46DE8}") = "Shared", "Shared", "{D4C6D593-971E-4A77-A1C2-C5B41C5ABF58}"
EndProject
Project("{FAE04EC0-301F-11D3-BF4B-00C04F79EFBC}") = "ADMS.Shared", "src\Shared\ADMS.Shared\ADMS.Shared.csproj", "{A6288618-40D2-4FD2-85F1-8C8F85FE14B8}"
EndProject
Project("{2150E333-8FDC-42A3-9474-1A3956D46DE8}") = "Presentation", "Presentation", "{F5BDE1A3-2361-4388-B801-02D333C4DA7F}"
EndProject
Project("{FAE04EC0-301F-11D3-BF4B-00C04F79EFBC}") = "ADMS.API", "src\Presentation\ADMS.API\ADMS.API.csproj", "{5B78C6B4-31B7-43A1-8C2C-CE1A2799226F}"
EndProject
Project("{2150E333-8FDC-42A3-9474-1A3956D46DE8}") = "Tests", "Tests", "{44B59291-7E9B-4ACB-9349-684095E36BB8}"
EndProject
Project("{FAE04EC0-301F-11D3-BF4B-00C04F79EFBC}") = "ADMS.Domain.Tests", "src\Tests\ADMS.Domain.Tests\ADMS.Domain.Tests.csproj", "{C922B43B-F6FF-4BC1-9B0A-A90A48073A01}"
EndProject
Project("{FAE04EC0-301F-11D3-BF4B-00C04F79EFBC}") = "ADMS.Application.Tests", "src\Tests\ADMS.Application.Tests\ADMS.Application.Tests.csproj", "{2F7FA175-4C77-489C-A342-EC65D33C291E}"
EndProject
Project("{FAE04EC0-301F-11D3-BF4B-00C04F79EFBC}") = "ADMS.Infrastructure.Tests", "src\Tests\ADMS.Infrastructure.Tests\ADMS.Infrastructure.Tests.csproj", "{24414121-39E9-41ED-ABC0-EBED9FD32A78}"
EndProject
Project("{FAE04EC0-301F-11D3-BF4B-00C04F79EFBC}") = "ADMS.API.Tests", "src\Tests\ADMS.API.Tests\ADMS.API.Tests.csproj", "{8EF81F58-FFC3-4E21-A951-FA5F342CD906}"
EndProject
Project("{2150E333-8FDC-42A3-9474-1A3956D46DE8}") = "Solution Items", "Solution Items", "{8EC462FD-D22E-90A8-E5CE-7E832BA40C5D}"
	ProjectSection(SolutionItems) = preProject
		Directory.Build.props = Directory.Build.props
	EndProjectSection
EndProject
Project("{2150E333-8FDC-42A3-9474-1A3956D46DE8}") = "Legacy (To Remove)", "Legacy (To Remove)", "{21D3AA86-04E0-4704-9803-9807700673BA}"
EndProject
Global
	GlobalSection(SolutionConfigurationPlatforms) = preSolution
		Debug|Any CPU = Debug|Any CPU
		Debug|x64 = Debug|x64
		Debug|x86 = Debug|x86
		Release|Any CPU = Release|Any CPU
		Release|x64 = Release|x64
		Release|x86 = Release|x86
	EndGlobalSection
	GlobalSection(ProjectConfigurationPlatforms) = postSolution
		{0443EEDB-DD50-49ED-9AB5-4906AD043945}.Debug|Any CPU.ActiveCfg = Debug|Any CPU
		{0443EEDB-DD50-49ED-9AB5-4906AD043945}.Debug|Any CPU.Build.0 = Debug|Any CPU
		{0443EEDB-DD50-49ED-9AB5-4906AD043945}.Debug|x64.ActiveCfg = Debug|Any CPU
		{0443EEDB-DD50-49ED-9AB5-4906AD043945}.Debug|x64.Build.0 = Debug|Any CPU
		{0443EEDB-DD50-49ED-9AB5-4906AD043945}.Debug|x86.ActiveCfg = Debug|Any CPU
		{0443EEDB-DD50-49ED-9AB5-4906AD043945}.Debug|x86.Build.0 = Debug|Any CPU
		{0443EEDB-DD50-49ED-9AB5-4906AD043945}.Release|Any CPU.ActiveCfg = Release|Any CPU
		{0443EEDB-DD50-49ED-9AB5-4906AD043945}.Release|Any CPU.Build.0 = Release|Any CPU
		{0443EEDB-DD50-49ED-9AB5-4906AD043945}.Release|x64.ActiveCfg = Release|Any CPU
		{0443EEDB-DD50-49ED-9AB5-4906AD043945}.Release|x64.Build.0 = Release|Any CPU
		{0443EEDB-DD50-49ED-9AB5-4906AD043945}.Release|x86.ActiveCfg = Release|Any CPU
		{0443EEDB-DD50-49ED-9AB5-4906AD043945}.Release|x86.Build.0 = Release|Any CPU
		{1D39D583-57D6-47F8-9FF3-2905CBCA7DFA}.Debug|Any CPU.ActiveCfg = Debug|Any CPU
		{1D39D583-57D6-47F8-9FF3-2905CBCA7DFA}.Debug|Any CPU.Build.0 = Debug|Any CPU
		{1D39D583-57D6-47F8-9FF3-2905CBCA7DFA}.Debug|x64.ActiveCfg = Debug|Any CPU
		{1D39D583-57D6-47F8-9FF3-2905CBCA7DFA}.Debug|x64.Build.0 = Debug|Any CPU
		{1D39D583-57D6-47F8-9FF3-2905CBCA7DFA}.Debug|x86.ActiveCfg = Debug|Any CPU
		{1D39D583-57D6-47F8-9FF3-2905CBCA7DFA}.Debug|x86.Build.0 = Debug|Any CPU
		{1D39D583-57D6-47F8-9FF3-2905CBCA7DFA}.Release|Any CPU.ActiveCfg = Release|Any CPU
		{1D39D583-57D6-47F8-9FF3-2905CBCA7DFA}.Release|Any CPU.Build.0 = Release|Any CPU
		{1D39D583-57D6-47F8-9FF3-2905CBCA7DFA}.Release|x64.ActiveCfg = Release|Any CPU
		{1D39D583-57D6-47F8-9FF3-2905CBCA7DFA}.Release|x64.Build.0 = Release|Any CPU
		{1D39D583-57D6-47F8-9FF3-2905CBCA7DFA}.Release|x86.ActiveCfg = Release|Any CPU
		{1D39D583-57D6-47F8-9FF3-2905CBCA7DFA}.Release|x86.Build.0 = Release|Any CPU
		{7E715C22-3AB2-438F-9725-85AC29A94EAE}.Debug|Any CPU.ActiveCfg = Debug|Any CPU
		{7E715C22-3AB2-438F-9725-85AC29A94EAE}.Debug|Any CPU.Build.0 = Debug|Any CPU
		{7E715C22-3AB2-438F-9725-85AC29A94EAE}.Debug|x64.ActiveCfg = Debug|Any CPU
		{7E715C22-3AB2-438F-9725-85AC29A94EAE}.Debug|x64.Build.0 = Debug|Any CPU
		{7E715C22-3AB2-438F-9725-85AC29A94EAE}.Debug|x86.ActiveCfg = Debug|Any CPU
		{7E715C22-3AB2-438F-9725-85AC29A94EAE}.Debug|x86.Build.0 = Debug|Any CPU
		{7E715C22-3AB2-438F-9725-85AC29A94EAE}.Release|Any CPU.ActiveCfg = Release|Any CPU
		{7E715C22-3AB2-438F-9725-85AC29A94EAE}.Release|Any CPU.Build.0 = Release|Any CPU
		{7E715C22-3AB2-438F-9725-85AC29A94EAE}.Release|x64.ActiveCfg = Release|Any CPU
		{7E715C22-3AB2-438F-9725-85AC29A94EAE}.Release|x64.Build.0 = Release|Any CPU
		{7E715C22-3AB2-438F-9725-85AC29A94EAE}.Release|x86.ActiveCfg = Release|Any CPU
		{7E715C22-3AB2-438F-9725-85AC29A94EAE}.Release|x86.Build.0 = Release|Any CPU
		{B61BE6D3-54CA-4EBA-83A4-390A87129D8D}.Debug|Any CPU.ActiveCfg = Debug|Any CPU
		{B61BE6D3-54CA-4EBA-83A4-390A87129D8D}.Debug|Any CPU.Build.0 = Debug|Any CPU
		{B61BE6D3-54CA-4EBA-83A4-390A87129D8D}.Debug|x64.ActiveCfg = Debug|Any CPU
		{B61BE6D3-54CA-4EBA-83A4-390A87129D8D}.Debug|x64.Build.0 = Debug|Any CPU
		{B61BE6D3-54CA-4EBA-83A4-390A87129D8D}.Debug|x86.ActiveCfg = Debug|Any CPU
		{B61BE6D3-54CA-4EBA-83A4-390A87129D8D}.Debug|x86.Build.0 = Debug|Any CPU
		{B61BE6D3-54CA-4EBA-83A4-390A87129D8D}.Release|Any CPU.ActiveCfg = Release|Any CPU
		{B61BE6D3-54CA-4EBA-83A4-390A87129D8D}.Release|Any CPU.Build.0 = Release|Any CPU
		{B61BE6D3-54CA-4EBA-83A4-390A87129D8D}.Release|x64.ActiveCfg = Release|Any CPU
		{B61BE6D3-54CA-4EBA-83A4-390A87129D8D}.Release|x64.Build.0 = Release|Any CPU
		{B61BE6D3-54CA-4EBA-83A4-390A87129D8D}.Release|x86.ActiveCfg = Release|Any CPU
		{B61BE6D3-54CA-4EBA-83A4-390A87129D8D}.Release|x86.Build.0 = Release|Any CPU
		{3AA1884B-32BB-00CB-9DA9-C413B2152062}.Debug|Any CPU.ActiveCfg = Debug|Any CPU
		{3AA1884B-32BB-00CB-9DA9-C413B2152062}.Debug|Any CPU.Build.0 = Debug|Any CPU
		{3AA1884B-32BB-00CB-9DA9-C413B2152062}.Debug|x64.ActiveCfg = Debug|Any CPU
		{3AA1884B-32BB-00CB-9DA9-C413B2152062}.Debug|x64.Build.0 = Debug|Any CPU
		{3AA1884B-32BB-00CB-9DA9-C413B2152062}.Debug|x86.ActiveCfg = Debug|Any CPU
		{3AA1884B-32BB-00CB-9DA9-C413B2152062}.Debug|x86.Build.0 = Debug|Any CPU
		{3AA1884B-32BB-00CB-9DA9-C413B2152062}.Release|Any CPU.ActiveCfg = Release|Any CPU
		{3AA1884B-32BB-00CB-9DA9-C413B2152062}.Release|Any CPU.Build.0 = Release|Any CPU
		{3AA1884B-32BB-00CB-9DA9-C413B2152062}.Release|x64.ActiveCfg = Release|Any CPU
		{3AA1884B-32BB-00CB-9DA9-C413B2152062}.Release|x64.Build.0 = Release|Any CPU
		{3AA1884B-32BB-00CB-9DA9-C413B2152062}.Release|x86.ActiveCfg = Release|Any CPU
		{3AA1884B-32BB-00CB-9DA9-C413B2152062}.Release|x86.Build.0 = Release|Any CPU
		{AF461D05-CCDF-4872-BAD2-9956342FAA67}.Debug|Any CPU.ActiveCfg = Debug|Any CPU
		{AF461D05-CCDF-4872-BAD2-9956342FAA67}.Debug|Any CPU.Build.0 = Debug|Any CPU
		{AF461D05-CCDF-4872-BAD2-9956342FAA67}.Debug|x64.ActiveCfg = Debug|Any CPU
		{AF461D05-CCDF-4872-BAD2-9956342FAA67}.Debug|x64.Build.0 = Debug|Any CPU
		{AF461D05-CCDF-4872-BAD2-9956342FAA67}.Debug|x86.ActiveCfg = Debug|Any CPU
		{AF461D05-CCDF-4872-BAD2-9956342FAA67}.Debug|x86.Build.0 = Debug|Any CPU
		{AF461D05-CCDF-4872-BAD2-9956342FAA67}.Release|Any CPU.ActiveCfg = Release|Any CPU
		{AF461D05-CCDF-4872-BAD2-9956342FAA67}.Release|Any CPU.Build.0 = Release|Any CPU
		{AF461D05-CCDF-4872-BAD2-9956342FAA67}.Release|x64.ActiveCfg = Release|Any CPU
		{AF461D05-CCDF-4872-BAD2-9956342FAA67}.Release|x64.Build.0 = Release|Any CPU
		{AF461D05-CCDF-4872-BAD2-9956342FAA67}.Release|x86.ActiveCfg = Release|Any CPU
		{AF461D05-CCDF-4872-BAD2-9956342FAA67}.Release|x86.Build.0 = Release|Any CPU
		{16EBFCEB-F4A0-4D2B-A826-3542285322B9}.Debug|Any CPU.ActiveCfg = Debug|Any CPU
		{16EBFCEB-F4A0-4D2B-A826-3542285322B9}.Debug|Any CPU.Build.0 = Debug|Any CPU
		{16EBFCEB-F4A0-4D2B-A826-3542285322B9}.Debug|x64.ActiveCfg = Debug|Any CPU
		{16EBFCEB-F4A0-4D2B-A826-3542285322B9}.Debug|x64.Build.0 = Debug|Any CPU
		{16EBFCEB-F4A0-4D2B-A826-3542285322B9}.Debug|x86.ActiveCfg = Debug|Any CPU
		{16EBFCEB-F4A0-4D2B-A826-3542285322B9}.Debug|x86.Build.0 = Debug|Any CPU
		{16EBFCEB-F4A0-4D2B-A826-3542285322B9}.Release|Any CPU.ActiveCfg = Release|Any CPU
		{16EBFCEB-F4A0-4D2B-A826-3542285322B9}.Release|Any CPU.Build.0 = Release|Any CPU
		{16EBFCEB-F4A0-4D2B-A826-3542285322B9}.Release|x64.ActiveCfg = Release|Any CPU
		{16EBFCEB-F4A0-4D2B-A826-3542285322B9}.Release|x64.Build.0 = Release|Any CPU
		{16EBFCEB-F4A0-4D2B-A826-3542285322B9}.Release|x86.ActiveCfg = Release|Any CPU
		{16EBFCEB-F4A0-4D2B-A826-3542285322B9}.Release|x86.Build.0 = Release|Any CPU
		{3CBC34D8-DDBD-47DF-A947-1647B4EFF651}.Debug|Any CPU.ActiveCfg = Debug|Any CPU
		{3CBC34D8-DDBD-47DF-A947-1647B4EFF651}.Debug|Any CPU.Build.0 = Debug|Any CPU
		{3CBC34D8-DDBD-47DF-A947-1647B4EFF651}.Debug|x64.ActiveCfg = Debug|Any CPU
		{3CBC34D8-DDBD-47DF-A947-1647B4EFF651}.Debug|x64.Build.0 = Debug|Any CPU
		{3CBC34D8-DDBD-47DF-A947-1647B4EFF651}.Debug|x86.ActiveCfg = Debug|Any CPU
		{3CBC34D8-DDBD-47DF-A947-1647B4EFF651}.Debug|x86.Build.0 = Debug|Any CPU
		{3CBC34D8-DDBD-47DF-A947-1647B4EFF651}.Release|Any CPU.ActiveCfg = Release|Any CPU
		{3CBC34D8-DDBD-47DF-A947-1647B4EFF651}.Release|Any CPU.Build.0 = Release|Any CPU
		{3CBC34D8-DDBD-47DF-A947-1647B4EFF651}.Release|x64.ActiveCfg = Release|Any CPU
		{3CBC34D8-DDBD-47DF-A947-1647B4EFF651}.Release|x64.Build.0 = Release|Any CPU
		{3CBC34D8-DDBD-47DF-A947-1647B4EFF651}.Release|x86.ActiveCfg = Release|Any CPU
		{3CBC34D8-DDBD-47DF-A947-1647B4EFF651}.Release|x86.Build.0 = Release|Any CPU
		{A6288618-40D2-4FD2-85F1-8C8F85FE14B8}.Debug|Any CPU.ActiveCfg = Debug|Any CPU
		{A6288618-40D2-4FD2-85F1-8C8F85FE14B8}.Debug|Any CPU.Build.0 = Debug|Any CPU
		{A6288618-40D2-4FD2-85F1-8C8F85FE14B8}.Debug|x64.ActiveCfg = Debug|Any CPU
		{A6288618-40D2-4FD2-85F1-8C8F85FE14B8}.Debug|x64.Build.0 = Debug|Any CPU
		{A6288618-40D2-4FD2-85F1-8C8F85FE14B8}.Debug|x86.ActiveCfg = Debug|Any CPU
		{A6288618-40D2-4FD2-85F1-8C8F85FE14B8}.Debug|x86.Build.0 = Debug|Any CPU
		{A6288618-40D2-4FD2-85F1-8C8F85FE14B8}.Release|Any CPU.ActiveCfg = Release|Any CPU
		{A6288618-40D2-4FD2-85F1-8C8F85FE14B8}.Release|Any CPU.Build.0 = Release|Any CPU
		{A6288618-40D2-4FD2-85F1-8C8F85FE14B8}.Release|x64.ActiveCfg = Release|Any CPU
		{A6288618-40D2-4FD2-85F1-8C8F85FE14B8}.Release|x64.Build.0 = Release|Any CPU
		{A6288618-40D2-4FD2-85F1-8C8F85FE14B8}.Release|x86.ActiveCfg = Release|Any CPU
		{A6288618-40D2-4FD2-85F1-8C8F85FE14B8}.Release|x86.Build.0 = Release|Any CPU
		{5B78C6B4-31B7-43A1-8C2C-CE1A2799226F}.Debug|Any CPU.ActiveCfg = Debug|Any CPU
		{5B78C6B4-31B7-43A1-8C2C-CE1A2799226F}.Debug|Any CPU.Build.0 = Debug|Any CPU
		{5B78C6B4-31B7-43A1-8C2C-CE1A2799226F}.Debug|x64.ActiveCfg = Debug|Any CPU
		{5B78C6B4-31B7-43A1-8C2C-CE1A2799226F}.Debug|x64.Build.0 = Debug|Any CPU
		{5B78C6B4-31B7-43A1-8C2C-CE1A2799226F}.Debug|x86.ActiveCfg = Debug|Any CPU
		{5B78C6B4-31B7-43A1-8C2C-CE1A2799226F}.Debug|x86.Build.0 = Debug|Any CPU
		{5B78C6B4-31B7-43A1-8C2C-CE1A2799226F}.Release|Any CPU.ActiveCfg = Release|Any CPU
		{5B78C6B4-31B7-43A1-8C2C-CE1A2799226F}.Release|Any CPU.Build.0 = Release|Any CPU
		{5B78C6B4-31B7-43A1-8C2C-CE1A2799226F}.Release|x64.ActiveCfg = Release|Any CPU
		{5B78C6B4-31B7-43A1-8C2C-CE1A2799226F}.Release|x64.Build.0 = Release|Any CPU
		{5B78C6B4-31B7-43A1-8C2C-CE1A2799226F}.Release|x86.ActiveCfg = Release|Any CPU
		{5B78C6B4-31B7-43A1-8C2C-CE1A2799226F}.Release|x86.Build.0 = Release|Any CPU
		{C922B43B-F6FF-4BC1-9B0A-A90A48073A01}.Debug|Any CPU.ActiveCfg = Debug|Any CPU
		{C922B43B-F6FF-4BC1-9B0A-A90A48073A01}.Debug|Any CPU.Build.0 = Debug|Any CPU
		{C922B43B-F6FF-4BC1-9B0A-A90A48073A01}.Debug|x64.ActiveCfg = Debug|Any CPU
		{C922B43B-F6FF-4BC1-9B0A-A90A48073A01}.Debug|x64.Build.0 = Debug|Any CPU
		{C922B43B-F6FF-4BC1-9B0A-A90A48073A01}.Debug|x86.ActiveCfg = Debug|Any CPU
		{C922B43B-F6FF-4BC1-9B0A-A90A48073A01}.Debug|x86.Build.0 = Debug|Any CPU
		{C922B43B-F6FF-4BC1-9B0A-A90A48073A01}.Release|Any CPU.ActiveCfg = Release|Any CPU
		{C922B43B-F6FF-4BC1-9B0A-A90A48073A01}.Release|Any CPU.Build.0 = Release|Any CPU
		{C922B43B-F6FF-4BC1-9B0A-A90A48073A01}.Release|x64.ActiveCfg = Release|Any CPU
		{C922B43B-F6FF-4BC1-9B0A-A90A48073A01}.Release|x64.Build.0 = Release|Any CPU
		{C922B43B-F6FF-4BC1-9B0A-A90A48073A01}.Release|x86.ActiveCfg = Release|Any CPU
		{C922B43B-F6FF-4BC1-9B0A-A90A48073A01}.Release|x86.Build.0 = Release|Any CPU
		{2F7FA175-4C77-489C-A342-EC65D33C291E}.Debug|Any CPU.ActiveCfg = Debug|Any CPU
		{2F7FA175-4C77-489C-A342-EC65D33C291E}.Debug|Any CPU.Build.0 = Debug|Any CPU
		{2F7FA175-4C77-489C-A342-EC65D33C291E}.Debug|x64.ActiveCfg = Debug|Any CPU
		{2F7FA175-4C77-489C-A342-EC65D33C291E}.Debug|x64.Build.0 = Debug|Any CPU
		{2F7FA175-4C77-489C-A342-EC65D33C291E}.Debug|x86.ActiveCfg = Debug|Any CPU
		{2F7FA175-4C77-489C-A342-EC65D33C291E}.Debug|x86.Build.0 = Debug|Any CPU
		{2F7FA175-4C77-489C-A342-EC65D33C291E}.Release|Any CPU.ActiveCfg = Release|Any CPU
		{2F7FA175-4C77-489C-A342-EC65D33C291E}.Release|Any CPU.Build.0 = Release|Any CPU
		{2F7FA175-4C77-489C-A342-EC65D33C291E}.Release|x64.ActiveCfg = Release|Any CPU
		{2F7FA175-4C77-489C-A342-EC65D33C291E}.Release|x64.Build.0 = Release|Any CPU
		{2F7FA175-4C77-489C-A342-EC65D33C291E}.Release|x86.ActiveCfg = Release|Any CPU
		{2F7FA175-4C77-489C-A342-EC65D33C291E}.Release|x86.Build.0 = Release|Any CPU
		{24414121-39E9-41ED-ABC0-EBED9FD32A78}.Debug|Any CPU.ActiveCfg = Debug|Any CPU
		{24414121-39E9-41ED-ABC0-EBED9FD32A78}.Debug|Any CPU.Build.0 = Debug|Any CPU
		{24414121-39E9-41ED-ABC0-EBED9FD32A78}.Debug|x64.ActiveCfg = Debug|Any CPU
		{24414121-39E9-41ED-ABC0-EBED9FD32A78}.Debug|x64.Build.0 = Debug|Any CPU
		{24414121-39E9-41ED-ABC0-EBED9FD32A78}.Debug|x86.ActiveCfg = Debug|Any CPU
		{24414121-39E9-41ED-ABC0-EBED9FD32A78}.Debug|x86.Build.0 = Debug|Any CPU
		{24414121-39E9-41ED-ABC0-EBED9FD32A78}.Release|Any CPU.ActiveCfg = Release|Any CPU
		{24414121-39E9-41ED-ABC0-EBED9FD32A78}.Release|Any CPU.Build.0 = Release|Any CPU
		{24414121-39E9-41ED-ABC0-EBED9FD32A78}.Release|x64.ActiveCfg = Release|Any CPU
		{24414121-39E9-41ED-ABC0-EBED9FD32A78}.Release|x64.Build.0 = Release|Any CPU
		{24414121-39E9-41ED-ABC0-EBED9FD32A78}.Release|x86.ActiveCfg = Release|Any CPU
		{24414121-39E9-41ED-ABC0-EBED9FD32A78}.Release|x86.Build.0 = Release|Any CPU
		{8EF81F58-FFC3-4E21-A951-FA5F342CD906}.Debug|Any CPU.ActiveCfg = Debug|Any CPU
		{8EF81F58-FFC3-4E21-A951-FA5F342CD906}.Debug|Any CPU.Build.0 = Debug|Any CPU
		{8EF81F58-FFC3-4E21-A951-FA5F342CD906}.Debug|x64.ActiveCfg = Debug|Any CPU
		{8EF81F58-FFC3-4E21-A951-FA5F342CD906}.Debug|x64.Build.0 = Debug|Any CPU
		{8EF81F58-FFC3-4E21-A951-FA5F342CD906}.Debug|x86.ActiveCfg = Debug|Any CPU
		{8EF81F58-FFC3-4E21-A951-FA5F342CD906}.Debug|x86.Build.0 = Debug|Any CPU
		{8EF81F58-FFC3-4E21-A951-FA5F342CD906}.Release|Any CPU.ActiveCfg = Release|Any CPU
		{8EF81F58-FFC3-4E21-A951-FA5F342CD906}.Release|Any CPU.Build.0 = Release|Any CPU
		{8EF81F58-FFC3-4E21-A951-FA5F342CD906}.Release|x64.ActiveCfg = Release|Any CPU
		{8EF81F58-FFC3-4E21-A951-FA5F342CD906}.Release|x64.Build.0 = Release|Any CPU
		{8EF81F58-FFC3-4E21-A951-FA5F342CD906}.Release|x86.ActiveCfg = Release|Any CPU
		{8EF81F58-FFC3-4E21-A951-FA5F342CD906}.Release|x86.Build.0 = Release|Any CPU
	EndGlobalSection
	GlobalSection(SolutionProperties) = preSolution
		HideSolutionNode = FALSE
	EndGlobalSection
	GlobalSection(NestedProjects) = preSolution
		{100DD89E-865A-43F7-A361-CFF65F442B74} = {02EA681E-C7D8-13C7-8484-4AC65E1B71E8}
		{AF461D05-CCDF-4872-BAD2-9956342FAA67} = {100DD89E-865A-43F7-A361-CFF65F442B74}
		{16EBFCEB-F4A0-4D2B-A826-3542285322B9} = {100DD89E-865A-43F7-A361-CFF65F442B74}
		{A3068553-660F-43C1-8FE5-AC31389261AF} = {02EA681E-C7D8-13C7-8484-4AC65E1B71E8}
		{3CBC34D8-DDBD-47DF-A947-1647B4EFF651} = {A3068553-660F-43C1-8FE5-AC31389261AF}
		{D4C6D593-971E-4A77-A1C2-C5B41C5ABF58} = {02EA681E-C7D8-13C7-8484-4AC65E1B71E8}
		{A6288618-40D2-4FD2-85F1-8C8F85FE14B8} = {D4C6D593-971E-4A77-A1C2-C5B41C5ABF58}
		{F5BDE1A3-2361-4388-B801-02D333C4DA7F} = {02EA681E-C7D8-13C7-8484-4AC65E1B71E8}
		{5B78C6B4-31B7-43A1-8C2C-CE1A2799226F} = {F5BDE1A3-2361-4388-B801-02D333C4DA7F}
		{44B59291-7E9B-4ACB-9349-684095E36BB8} = {02EA681E-C7D8-13C7-8484-4AC65E1B71E8}
		{C922B43B-F6FF-4BC1-9B0A-A90A48073A01} = {44B59291-7E9B-4ACB-9349-684095E36BB8}
		{2F7FA175-4C77-489C-A342-EC65D33C291E} = {44B59291-7E9B-4ACB-9349-684095E36BB8}
		{24414121-39E9-41ED-ABC0-EBED9FD32A78} = {44B59291-7E9B-4ACB-9349-684095E36BB8}
		{8EF81F58-FFC3-4E21-A951-FA5F342CD906} = {44B59291-7E9B-4ACB-9349-684095E36BB8}
	EndGlobalSection
	GlobalSection(ExtensibilityGlobals) = postSolution
		SolutionGuid = {161D2BCB-7BBF-491B-8301-6E56090789E9}
	EndGlobalSection
EndGlobal
